
Microsoft Visual Studio Solution File, Format Version 11.00
# Visual C# Express 2010
Project("{FAE04EC0-301F-11D3-BF4B-00C04F79EFBC}") = "ConsoleApplication1", "ConsoleApplication1\ConsoleApplication1.csproj", "{EB84A945-2E9A-4AD0-A411-11EE6B9DE60B}"
EndProject
Global
	GlobalSection(SolutionConfigurationPlatforms) = preSolution
		Debug|x86 = Debug|x86
		Release|x86 = Release|x86
	EndGlobalSection
	GlobalSection(ProjectConfigurationPlatforms) = postSolution
		{EB84A945-2E9A-4AD0-A411-11EE6B9DE60B}.Debug|x86.ActiveCfg = Debug|x86
		{EB84A945-2E9A-4AD0-A411-11EE6B9DE60B}.Debug|x86.Build.0 = Debug|x86
		{EB84A945-2E9A-4AD0-A411-11EE6B9DE60B}.Release|x86.ActiveCfg = Release|x86
		{EB84A945-2E9A-4AD0-A411-11EE6B9DE60B}.Release|x86.Build.0 = Release|x86
	EndGlobalSection
	GlobalSection(SolutionProperties) = preSolution
		HideSolutionNode = FALSE
	EndGlobalSection
EndGlobal
