
Microsoft Visual Studio Solution File, Format Version 11.00
# Visual C# Express 2010
Project("{FAE04EC0-301F-11D3-BF4B-00C04F79EFBC}") = "jghj", "jghj\jghj.csproj", "{D8E6D4C5-066F-4D7D-AAB4-D779E43407CB}"
EndProject
Global
	GlobalSection(SolutionConfigurationPlatforms) = preSolution
		Debug|x86 = Debug|x86
		Release|x86 = Release|x86
	EndGlobalSection
	GlobalSection(ProjectConfigurationPlatforms) = postSolution
		{D8E6D4C5-066F-4D7D-AAB4-D779E43407CB}.Debug|x86.ActiveCfg = Debug|x86
		{D8E6D4C5-066F-4D7D-AAB4-D779E43407CB}.Debug|x86.Build.0 = Debug|x86
		{D8E6D4C5-066F-4D7D-AAB4-D779E43407CB}.Release|x86.ActiveCfg = Release|x86
		{D8E6D4C5-066F-4D7D-AAB4-D779E43407CB}.Release|x86.Build.0 = Release|x86
	EndGlobalSection
	GlobalSection(SolutionProperties) = preSolution
		HideSolutionNode = FALSE
	EndGlobalSection
EndGlobal
